
Microsoft Visual Studio Solution File, Format Version 12.00
# Visual Studio 15
VisualStudioVersion = 15.0.28307.852
MinimumVisualStudioVersion = 10.0.40219.1
Project("{FAE04EC0-301F-11D3-BF4B-00C04F79EFBC}") = "Prueba BD", "Prueba BD\Prueba BD.csproj", "{65AEDDF8-A823-468E-80FD-E27E4401F253}"
EndProject
Global
	GlobalSection(SolutionConfigurationPlatforms) = preSolution
		Debug|Any CPU = Debug|Any CPU
		Release|Any CPU = Release|Any CPU
	EndGlobalSection
	GlobalSection(ProjectConfigurationPlatforms) = postSolution
		{65AEDDF8-A823-468E-80FD-E27E4401F253}.Debug|Any CPU.ActiveCfg = Debug|Any CPU
		{65AEDDF8-A823-468E-80FD-E27E4401F253}.Debug|Any CPU.Build.0 = Debug|Any CPU
		{65AEDDF8-A823-468E-80FD-E27E4401F253}.Release|Any CPU.ActiveCfg = Release|Any CPU
		{65AEDDF8-A823-468E-80FD-E27E4401F253}.Release|Any CPU.Build.0 = Release|Any CPU
	EndGlobalSection
	GlobalSection(SolutionProperties) = preSolution
		HideSolutionNode = FALSE
	EndGlobalSection
	GlobalSection(ExtensibilityGlobals) = postSolution
		SolutionGuid = {7CC8F7D8-7619-4199-A486-09F4A27AE6E1}
	EndGlobalSection
EndGlobal
